
Microsoft Visual Studio Solution File, Format Version 12.00
# Visual Studio 2013
VisualStudioVersion = 12.0.21005.1
MinimumVisualStudioVersion = 10.0.40219.1
Project("{FAE04EC0-301F-11D3-BF4B-00C04F79EFBC}") = "FizzBuzz", "FizzBuzz\FizzBuzz.csproj", "{BB6900E3-B691-4207-8755-EB02EDAC6F30}"
EndProject
Project("{FAE04EC0-301F-11D3-BF4B-00C04F79EFBC}") = "FizzBuzzTest", "FizzBuzzTest\FizzBuzzTest.csproj", "{1E932F2E-6750-455C-AA22-89852A02DF44}"
EndProject
Project("{FAE04EC0-301F-11D3-BF4B-00C04F79EFBC}") = "FBLib", "FBLib\FBLib.csproj", "{969178D4-575C-4E0A-8976-1C7067C15362}"
EndProject
Global
	GlobalSection(SolutionConfigurationPlatforms) = preSolution
		Debug|Any CPU = Debug|Any CPU
		Release|Any CPU = Release|Any CPU
	EndGlobalSection
	GlobalSection(ProjectConfigurationPlatforms) = postSolution
		{BB6900E3-B691-4207-8755-EB02EDAC6F30}.Debug|Any CPU.ActiveCfg = Debug|Any CPU
		{BB6900E3-B691-4207-8755-EB02EDAC6F30}.Debug|Any CPU.Build.0 = Debug|Any CPU
		{BB6900E3-B691-4207-8755-EB02EDAC6F30}.Release|Any CPU.ActiveCfg = Release|Any CPU
		{BB6900E3-B691-4207-8755-EB02EDAC6F30}.Release|Any CPU.Build.0 = Release|Any CPU
		{1E932F2E-6750-455C-AA22-89852A02DF44}.Debug|Any CPU.ActiveCfg = Debug|Any CPU
		{1E932F2E-6750-455C-AA22-89852A02DF44}.Debug|Any CPU.Build.0 = Debug|Any CPU
		{1E932F2E-6750-455C-AA22-89852A02DF44}.Release|Any CPU.ActiveCfg = Release|Any CPU
		{1E932F2E-6750-455C-AA22-89852A02DF44}.Release|Any CPU.Build.0 = Release|Any CPU
		{969178D4-575C-4E0A-8976-1C7067C15362}.Debug|Any CPU.ActiveCfg = Debug|Any CPU
		{969178D4-575C-4E0A-8976-1C7067C15362}.Debug|Any CPU.Build.0 = Debug|Any CPU
		{969178D4-575C-4E0A-8976-1C7067C15362}.Release|Any CPU.ActiveCfg = Release|Any CPU
		{969178D4-575C-4E0A-8976-1C7067C15362}.Release|Any CPU.Build.0 = Release|Any CPU
	EndGlobalSection
	GlobalSection(SolutionProperties) = preSolution
		HideSolutionNode = FALSE
	EndGlobalSection
EndGlobal
